// !$*UTF8*$!
{
	archiveVersion = 1;
	classes = {
	};
	objectVersion = 46;
	objects = {

/* Begin PBXBuildFile section */
		010D6D951E021CFE0024B0CA /* SLSegmentedController.m in Sources */ = {isa = PBXBuildFile; fileRef = 010D6D941E021CFE0024B0CA /* SLSegmentedController.m */; };
		010D6D981E022AFB0024B0CA /* SecondViewController.m in Sources */ = {isa = PBXBuildFile; fileRef = 010D6D971E022AFB0024B0CA /* SecondViewController.m */; };
		010D6D9B1E022B070024B0CA /* ThirdViewController.m in Sources */ = {isa = PBXBuildFile; fileRef = 010D6D9A1E022B070024B0CA /* ThirdViewController.m */; };
		010D6D9E1E022B1E0024B0CA /* FourthViewController.m in Sources */ = {isa = PBXBuildFile; fileRef = 010D6D9D1E022B1E0024B0CA /* FourthViewController.m */; };
		010D6DA11E02B28E0024B0CA /* BaseViewController.m in Sources */ = {isa = PBXBuildFile; fileRef = 010D6DA01E02B28E0024B0CA /* BaseViewController.m */; };
		010D6DA41E02B3310024B0CA /* FirstViewController.m in Sources */ = {isa = PBXBuildFile; fileRef = 010D6DA31E02B3310024B0CA /* FirstViewController.m */; };
		018D6D7C1E016C6E00234375 /* main.m in Sources */ = {isa = PBXBuildFile; fileRef = 018D6D7B1E016C6E00234375 /* main.m */; };
		018D6D7F1E016C6E00234375 /* AppDelegate.m in Sources */ = {isa = PBXBuildFile; fileRef = 018D6D7E1E016C6E00234375 /* AppDelegate.m */; };
		018D6D821E016C6E00234375 /* ViewController.m in Sources */ = {isa = PBXBuildFile; fileRef = 018D6D811E016C6E00234375 /* ViewController.m */; };
		018D6D851E016C6E00234375 /* Main.storyboard in Resources */ = {isa = PBXBuildFile; fileRef = 018D6D831E016C6E00234375 /* Main.storyboard */; };
		018D6D871E016C6E00234375 /* Assets.xcassets in Resources */ = {isa = PBXBuildFile; fileRef = 018D6D861E016C6E00234375 /* Assets.xcassets */; };
		018D6D8A1E016C6E00234375 /* LaunchScreen.storyboard in Resources */ = {isa = PBXBuildFile; fileRef = 018D6D881E016C6E00234375 /* LaunchScreen.storyboard */; };
		018D6D951E016C6E00234375 /* SLSegmentedControllerTests.m in Sources */ = {isa = PBXBuildFile; fileRef = 018D6D941E016C6E00234375 /* SLSegmentedControllerTests.m */; };
		018D6DA01E016C6E00234375 /* SLSegmentedControllerUITests.m in Sources */ = {isa = PBXBuildFile; fileRef = 018D6D9F1E016C6E00234375 /* SLSegmentedControllerUITests.m */; };
/* End PBXBuildFile section */

/* Begin PBXContainerItemProxy section */
		018D6D911E016C6E00234375 /* PBXContainerItemProxy */ = {
			isa = PBXContainerItemProxy;
			containerPortal = 018D6D6F1E016C6E00234375 /* Project object */;
			proxyType = 1;
			remoteGlobalIDString = 018D6D761E016C6E00234375;
			remoteInfo = SLSegmentedController;
		};
		018D6D9C1E016C6E00234375 /* PBXContainerItemProxy */ = {
			isa = PBXContainerItemProxy;
			containerPortal = 018D6D6F1E016C6E00234375 /* Project object */;
			proxyType = 1;
			remoteGlobalIDString = 018D6D761E016C6E00234375;
			remoteInfo = SLSegmentedController;
		};
/* End PBXContainerItemProxy section */

/* Begin PBXFileReference section */
		010D6D931E021CFE0024B0CA /* SLSegmentedController.h */ = {isa = PBXFileReference; fileEncoding = 4; lastKnownFileType = sourcecode.c.h; path = SLSegmentedController.h; sourceTree = "<group>"; };
		010D6D941E021CFE0024B0CA /* SLSegmentedController.m */ = {isa = PBXFileReference; fileEncoding = 4; lastKnownFileType = sourcecode.c.objc; path = SLSegmentedController.m; sourceTree = "<group>"; };
		010D6D961E022AFB0024B0CA /* SecondViewController.h */ = {isa = PBXFileReference; fileEncoding = 4; lastKnownFileType = sourcecode.c.h; path = SecondViewController.h; sourceTree = "<group>"; };
		010D6D971E022AFB0024B0CA /* SecondViewController.m */ = {isa = PBXFileReference; fileEncoding = 4; lastKnownFileType = sourcecode.c.objc; path = SecondViewController.m; sourceTree = "<group>"; };
		010D6D991E022B070024B0CA /* ThirdViewController.h */ = {isa = PBXFileReference; fileEncoding = 4; lastKnownFileType = sourcecode.c.h; path = ThirdViewController.h; sourceTree = "<group>"; };
		010D6D9A1E022B070024B0CA /* ThirdViewController.m */ = {isa = PBXFileReference; fileEncoding = 4; lastKnownFileType = sourcecode.c.objc; path = ThirdViewController.m; sourceTree = "<group>"; };
		010D6D9C1E022B1E0024B0CA /* FourthViewController.h */ = {isa = PBXFileReference; fileEncoding = 4; lastKnownFileType = sourcecode.c.h; path = FourthViewController.h; sourceTree = "<group>"; };
		010D6D9D1E022B1E0024B0CA /* FourthViewController.m */ = {isa = PBXFileReference; fileEncoding = 4; lastKnownFileType = sourcecode.c.objc; path = FourthViewController.m; sourceTree = "<group>"; };
		010D6D9F1E02B28E0024B0CA /* BaseViewController.h */ = {isa = PBXFileReference; fileEncoding = 4; lastKnownFileType = sourcecode.c.h; path = BaseViewController.h; sourceTree = "<group>"; };
		010D6DA01E02B28E0024B0CA /* BaseViewController.m */ = {isa = PBXFileReference; fileEncoding = 4; lastKnownFileType = sourcecode.c.objc; path = BaseViewController.m; sourceTree = "<group>"; };
		010D6DA21E02B3310024B0CA /* FirstViewController.h */ = {isa = PBXFileReference; fileEncoding = 4; lastKnownFileType = sourcecode.c.h; path = FirstViewController.h; sourceTree = "<group>"; };
		010D6DA31E02B3310024B0CA /* FirstViewController.m */ = {isa = PBXFileReference; fileEncoding = 4; lastKnownFileType = sourcecode.c.objc; path = FirstViewController.m; sourceTree = "<group>"; };
		018D6D771E016C6E00234375 /* SLSegmentedController.app */ = {isa = PBXFileReference; explicitFileType = wrapper.application; includeInIndex = 0; path = SLSegmentedController.app; sourceTree = BUILT_PRODUCTS_DIR; };
		018D6D7B1E016C6E00234375 /* main.m */ = {isa = PBXFileReference; lastKnownFileType = sourcecode.c.objc; path = main.m; sourceTree = "<group>"; };
		018D6D7D1E016C6E00234375 /* AppDelegate.h */ = {isa = PBXFileReference; lastKnownFileType = sourcecode.c.h; path = AppDelegate.h; sourceTree = "<group>"; };
		018D6D7E1E016C6E00234375 /* AppDelegate.m */ = {isa = PBXFileReference; lastKnownFileType = sourcecode.c.objc; path = AppDelegate.m; sourceTree = "<group>"; };
		018D6D801E016C6E00234375 /* ViewController.h */ = {isa = PBXFileReference; lastKnownFileType = sourcecode.c.h; path = ViewController.h; sourceTree = "<group>"; };
		018D6D811E016C6E00234375 /* ViewController.m */ = {isa = PBXFileReference; lastKnownFileType = sourcecode.c.objc; path = ViewController.m; sourceTree = "<group>"; };
		018D6D841E016C6E00234375 /* Base */ = {isa = PBXFileReference; lastKnownFileType = file.storyboard; name = Base; path = Base.lproj/Main.storyboard; sourceTree = "<group>"; };
		018D6D861E016C6E00234375 /* Assets.xcassets */ = {isa = PBXFileReference; lastKnownFileType = folder.assetcatalog; path = Assets.xcassets; sourceTree = "<group>"; };
		018D6D891E016C6E00234375 /* Base */ = {isa = PBXFileReference; lastKnownFileType = file.storyboard; name = Base; path = Base.lproj/LaunchScreen.storyboard; sourceTree = "<group>"; };
		018D6D8B1E016C6E00234375 /* Info.plist */ = {isa = PBXFileReference; lastKnownFileType = text.plist.xml; path = Info.plist; sourceTree = "<group>"; };
		018D6D901E016C6E00234375 /* SLSegmentedControllerTests.xctest */ = {isa = PBXFileReference; explicitFileType = wrapper.cfbundle; includeInIndex = 0; path = SLSegmentedControllerTests.xctest; sourceTree = BUILT_PRODUCTS_DIR; };
		018D6D941E016C6E00234375 /* SLSegmentedControllerTests.m */ = {isa = PBXFileReference; lastKnownFileType = sourcecode.c.objc; path = SLSegmentedControllerTests.m; sourceTree = "<group>"; };
		018D6D961E016C6E00234375 /* Info.plist */ = {isa = PBXFileReference; lastKnownFileType = text.plist.xml; path = Info.plist; sourceTree = "<group>"; };
		018D6D9B1E016C6E00234375 /* SLSegmentedControllerUITests.xctest */ = {isa = PBXFileReference; explicitFileType = wrapper.cfbundle; includeInIndex = 0; path = SLSegmentedControllerUITests.xctest; sourceTree = BUILT_PRODUCTS_DIR; };
		018D6D9F1E016C6E00234375 /* SLSegmentedControllerUITests.m */ = {isa = PBXFileReference; lastKnownFileType = sourcecode.c.objc; path = SLSegmentedControllerUITests.m; sourceTree = "<group>"; };
		018D6DA11E016C6E00234375 /* Info.plist */ = {isa = PBXFileReference; lastKnownFileType = text.plist.xml; path = Info.plist; sourceTree = "<group>"; };
/* End PBXFileReference section */

/* Begin PBXFrameworksBuildPhase section */
		018D6D741E016C6E00234375 /* Frameworks */ = {
			isa = PBXFrameworksBuildPhase;
			buildActionMask = 2147483647;
			files = (
			);
			runOnlyForDeploymentPostprocessing = 0;
		};
		018D6D8D1E016C6E00234375 /* Frameworks */ = {
			isa = PBXFrameworksBuildPhase;
			buildActionMask = 2147483647;
			files = (
			);
			runOnlyForDeploymentPostprocessing = 0;
		};
		018D6D981E016C6E00234375 /* Frameworks */ = {
			isa = PBXFrameworksBuildPhase;
			buildActionMask = 2147483647;
			files = (
			);
			runOnlyForDeploymentPostprocessing = 0;
		};
/* End PBXFrameworksBuildPhase section */

/* Begin PBXGroup section */
		010D6D921E021C680024B0CA /* SLSegController */ = {
			isa = PBXGroup;
			children = (
				010D6D931E021CFE0024B0CA /* SLSegmentedController.h */,
				010D6D941E021CFE0024B0CA /* SLSegmentedController.m */,
			);
			path = SLSegController;
			sourceTree = "<group>";
		};
		018D6D6E1E016C6E00234375 = {
			isa = PBXGroup;
			children = (
				018D6D791E016C6E00234375 /* SLSegmentedController */,
				018D6D931E016C6E00234375 /* SLSegmentedControllerTests */,
				018D6D9E1E016C6E00234375 /* SLSegmentedControllerUITests */,
				018D6D781E016C6E00234375 /* Products */,
			);
			sourceTree = "<group>";
		};
		018D6D781E016C6E00234375 /* Products */ = {
			isa = PBXGroup;
			children = (
				018D6D771E016C6E00234375 /* SLSegmentedController.app */,
				018D6D901E016C6E00234375 /* SLSegmentedControllerTests.xctest */,
				018D6D9B1E016C6E00234375 /* SLSegmentedControllerUITests.xctest */,
			);
			name = Products;
			sourceTree = "<group>";
		};
		018D6D791E016C6E00234375 /* SLSegmentedController */ = {
			isa = PBXGroup;
			children = (
				010D6D921E021C680024B0CA /* SLSegController */,
				018D6D7D1E016C6E00234375 /* AppDelegate.h */,
				018D6D7E1E016C6E00234375 /* AppDelegate.m */,
				010D6D9F1E02B28E0024B0CA /* BaseViewController.h */,
				010D6DA01E02B28E0024B0CA /* BaseViewController.m */,
				018D6D801E016C6E00234375 /* ViewController.h */,
				018D6D811E016C6E00234375 /* ViewController.m */,
				010D6DA21E02B3310024B0CA /* FirstViewController.h */,
				010D6DA31E02B3310024B0CA /* FirstViewController.m */,
				010D6D961E022AFB0024B0CA /* SecondViewController.h */,
				010D6D971E022AFB0024B0CA /* SecondViewController.m */,
				010D6D991E022B070024B0CA /* ThirdViewController.h */,
				010D6D9A1E022B070024B0CA /* ThirdViewController.m */,
				010D6D9C1E022B1E0024B0CA /* FourthViewController.h */,
				010D6D9D1E022B1E0024B0CA /* FourthViewController.m */,
				018D6D831E016C6E00234375 /* Main.storyboard */,
				018D6D861E016C6E00234375 /* Assets.xcassets */,
				018D6D881E016C6E00234375 /* LaunchScreen.storyboard */,
				018D6D8B1E016C6E00234375 /* Info.plist */,
				018D6D7A1E016C6E00234375 /* Supporting Files */,
			);
			path = SLSegmentedController;
			sourceTree = "<group>";
		};
		018D6D7A1E016C6E00234375 /* Supporting Files */ = {
			isa = PBXGroup;
			children = (
				018D6D7B1E016C6E00234375 /* main.m */,
			);
			name = "Supporting Files";
			sourceTree = "<group>";
		};
		018D6D931E016C6E00234375 /* SLSegmentedControllerTests */ = {
			isa = PBXGroup;
			children = (
				018D6D941E016C6E00234375 /* SLSegmentedControllerTests.m */,
				018D6D961E016C6E00234375 /* Info.plist */,
			);
			path = SLSegmentedControllerTests;
			sourceTree = "<group>";
		};
		018D6D9E1E016C6E00234375 /* SLSegmentedControllerUITests */ = {
			isa = PBXGroup;
			children = (
				018D6D9F1E016C6E00234375 /* SLSegmentedControllerUITests.m */,
				018D6DA11E016C6E00234375 /* Info.plist */,
			);
			path = SLSegmentedControllerUITests;
			sourceTree = "<group>";
		};
/* End PBXGroup section */

/* Begin PBXNativeTarget section */
		018D6D761E016C6E00234375 /* SLSegmentedController */ = {
			isa = PBXNativeTarget;
			buildConfigurationList = 018D6DA41E016C6E00234375 /* Build configuration list for PBXNativeTarget "SLSegmentedController" */;
			buildPhases = (
				018D6D731E016C6E00234375 /* Sources */,
				018D6D741E016C6E00234375 /* Frameworks */,
				018D6D751E016C6E00234375 /* Resources */,
			);
			buildRules = (
			);
			dependencies = (
			);
			name = SLSegmentedController;
			productName = SLSegmentedController;
			productReference = 018D6D771E016C6E00234375 /* SLSegmentedController.app */;
			productType = "com.apple.product-type.application";
		};
		018D6D8F1E016C6E00234375 /* SLSegmentedControllerTests */ = {
			isa = PBXNativeTarget;
			buildConfigurationList = 018D6DA71E016C6E00234375 /* Build configuration list for PBXNativeTarget "SLSegmentedControllerTests" */;
			buildPhases = (
				018D6D8C1E016C6E00234375 /* Sources */,
				018D6D8D1E016C6E00234375 /* Frameworks */,
				018D6D8E1E016C6E00234375 /* Resources */,
			);
			buildRules = (
			);
			dependencies = (
				018D6D921E016C6E00234375 /* PBXTargetDependency */,
			);
			name = SLSegmentedControllerTests;
			productName = SLSegmentedControllerTests;
			productReference = 018D6D901E016C6E00234375 /* SLSegmentedControllerTests.xctest */;
			productType = "com.apple.product-type.bundle.unit-test";
		};
		018D6D9A1E016C6E00234375 /* SLSegmentedControllerUITests */ = {
			isa = PBXNativeTarget;
			buildConfigurationList = 018D6DAA1E016C6E00234375 /* Build configuration list for PBXNativeTarget "SLSegmentedControllerUITests" */;
			buildPhases = (
				018D6D971E016C6E00234375 /* Sources */,
				018D6D981E016C6E00234375 /* Frameworks */,
				018D6D991E016C6E00234375 /* Resources */,
			);
			buildRules = (
			);
			dependencies = (
				018D6D9D1E016C6E00234375 /* PBXTargetDependency */,
			);
			name = SLSegmentedControllerUITests;
			productName = SLSegmentedControllerUITests;
			productReference = 018D6D9B1E016C6E00234375 /* SLSegmentedControllerUITests.xctest */;
			productType = "com.apple.product-type.bundle.ui-testing";
		};
/* End PBXNativeTarget section */

/* Begin PBXProject section */
		018D6D6F1E016C6E00234375 /* Project object */ = {
			isa = PBXProject;
			attributes = {
				LastUpgradeCheck = 0810;
				ORGANIZATIONNAME = shuanglong;
				TargetAttributes = {
					018D6D761E016C6E00234375 = {
						CreatedOnToolsVersion = 8.1;
						ProvisioningStyle = Automatic;
					};
					018D6D8F1E016C6E00234375 = {
						CreatedOnToolsVersion = 8.1;
						ProvisioningStyle = Automatic;
						TestTargetID = 018D6D761E016C6E00234375;
					};
					018D6D9A1E016C6E00234375 = {
						CreatedOnToolsVersion = 8.1;
						ProvisioningStyle = Automatic;
						TestTargetID = 018D6D761E016C6E00234375;
					};
				};
			};
			buildConfigurationList = 018D6D721E016C6E00234375 /* Build configuration list for PBXProject "SLSegmentedController" */;
			compatibilityVersion = "Xcode 3.2";
			developmentRegion = English;
			hasScannedForEncodings = 0;
			knownRegions = (
				en,
				Base,
			);
			mainGroup = 018D6D6E1E016C6E00234375;
			productRefGroup = 018D6D781E016C6E00234375 /* Products */;
			projectDirPath = "";
			projectRoot = "";
			targets = (
				018D6D761E016C6E00234375 /* SLSegmentedController */,
				018D6D8F1E016C6E00234375 /* SLSegmentedControllerTests */,
				018D6D9A1E016C6E00234375 /* SLSegmentedControllerUITests */,
			);
		};
/* End PBXProject section */

/* Begin PBXResourcesBuildPhase section */
		018D6D751E016C6E00234375 /* Resources */ = {
			isa = PBXResourcesBuildPhase;
			buildActionMask = 2147483647;
			files = (
				018D6D8A1E016C6E00234375 /* LaunchScreen.storyboard in Resources */,
				018D6D871E016C6E00234375 /* Assets.xcassets in Resources */,
				018D6D851E016C6E00234375 /* Main.storyboard in Resources */,
			);
			runOnlyForDeploymentPostprocessing = 0;
		};
		018D6D8E1E016C6E00234375 /* Resources */ = {
			isa = PBXResourcesBuildPhase;
			buildActionMask = 2147483647;
			files = (
			);
			runOnlyForDeploymentPostprocessing = 0;
		};
		018D6D991E016C6E00234375 /* Resources */ = {
			isa = PBXResourcesBuildPhase;
			buildActionMask = 2147483647;
			files = (
			);
			runOnlyForDeploymentPostprocessing = 0;
		};
/* End PBXResourcesBuildPhase section */

/* Begin PBXSourcesBuildPhase section */
		018D6D731E016C6E00234375 /* Sources */ = {
			isa = PBXSourcesBuildPhase;
			buildActionMask = 2147483647;
			files = (
				010D6D981E022AFB0024B0CA /* SecondViewController.m in Sources */,
				010D6DA41E02B3310024B0CA /* FirstViewController.m in Sources */,
				010D6DA11E02B28E0024B0CA /* BaseViewController.m in Sources */,
				018D6D821E016C6E00234375 /* ViewController.m in Sources */,
				010D6D9B1E022B070024B0CA /* ThirdViewController.m in Sources */,
				010D6D951E021CFE0024B0CA /* SLSegmentedController.m in Sources */,
				018D6D7F1E016C6E00234375 /* AppDelegate.m in Sources */,
				010D6D9E1E022B1E0024B0CA /* FourthViewController.m in Sources */,
				018D6D7C1E016C6E00234375 /* main.m in Sources */,
			);
			runOnlyForDeploymentPostprocessing = 0;
		};
		018D6D8C1E016C6E00234375 /* Sources */ = {
			isa = PBXSourcesBuildPhase;
			buildActionMask = 2147483647;
			files = (
				018D6D951E016C6E00234375 /* SLSegmentedControllerTests.m in Sources */,
			);
			runOnlyForDeploymentPostprocessing = 0;
		};
		018D6D971E016C6E00234375 /* Sources */ = {
			isa = PBXSourcesBuildPhase;
			buildActionMask = 2147483647;
			files = (
				018D6DA01E016C6E00234375 /* SLSegmentedControllerUITests.m in Sources */,
			);
			runOnlyForDeploymentPostprocessing = 0;
		};
/* End PBXSourcesBuildPhase section */

/* Begin PBXTargetDependency section */
		018D6D921E016C6E00234375 /* PBXTargetDependency */ = {
			isa = PBXTargetDependency;
			target = 018D6D761E016C6E00234375 /* SLSegmentedController */;
			targetProxy = 018D6D911E016C6E00234375 /* PBXContainerItemProxy */;
		};
		018D6D9D1E016C6E00234375 /* PBXTargetDependency */ = {
			isa = PBXTargetDependency;
			target = 018D6D761E016C6E00234375 /* SLSegmentedController */;
			targetProxy = 018D6D9C1E016C6E00234375 /* PBXContainerItemProxy */;
		};
/* End PBXTargetDependency section */

/* Begin PBXVariantGroup section */
		018D6D831E016C6E00234375 /* Main.storyboard */ = {
			isa = PBXVariantGroup;
			children = (
				018D6D841E016C6E00234375 /* Base */,
			);
			name = Main.storyboard;
			sourceTree = "<group>";
		};
		018D6D881E016C6E00234375 /* LaunchScreen.storyboard */ = {
			isa = PBXVariantGroup;
			children = (
				018D6D891E016C6E00234375 /* Base */,
			);
			name = LaunchScreen.storyboard;
			sourceTree = "<group>";
		};
/* End PBXVariantGroup section */

/* Begin XCBuildConfiguration section */
		018D6DA21E016C6E00234375 /* Debug */ = {
			isa = XCBuildConfiguration;
			buildSettings = {
				ALWAYS_SEARCH_USER_PATHS = NO;
				CLANG_ANALYZER_NONNULL = YES;
				CLANG_CXX_LANGUAGE_STANDARD = "gnu++0x";
				CLANG_CXX_LIBRARY = "libc++";
				CLANG_ENABLE_MODULES = YES;
				CLANG_ENABLE_OBJC_ARC = YES;
				CLANG_WARN_BOOL_CONVERSION = YES;
				CLANG_WARN_CONSTANT_CONVERSION = YES;
				CLANG_WARN_DIRECT_OBJC_ISA_USAGE = YES_ERROR;
				CLANG_WARN_DOCUMENTATION_COMMENTS = YES;
				CLANG_WARN_EMPTY_BODY = YES;
				CLANG_WARN_ENUM_CONVERSION = YES;
				CLANG_WARN_INFINITE_RECURSION = YES;
				CLANG_WARN_INT_CONVERSION = YES;
				CLANG_WARN_OBJC_ROOT_CLASS = YES_ERROR;
				CLANG_WARN_SUSPICIOUS_MOVES = YES;
				CLANG_WARN_UNREACHABLE_CODE = YES;
				CLANG_WARN__DUPLICATE_METHOD_MATCH = YES;
				"CODE_SIGN_IDENTITY[sdk=iphoneos*]" = "iPhone Developer";
				COPY_PHASE_STRIP = NO;
				DEBUG_INFORMATION_FORMAT = dwarf;
				ENABLE_STRICT_OBJC_MSGSEND = YES;
				ENABLE_TESTABILITY = YES;
				GCC_C_LANGUAGE_STANDARD = gnu99;
				GCC_DYNAMIC_NO_PIC = NO;
				GCC_NO_COMMON_BLOCKS = YES;
				GCC_OPTIMIZATION_LEVEL = 0;
				GCC_PREPROCESSOR_DEFINITIONS = (
					"DEBUG=1",
					"$(inherited)",
				);
				GCC_WARN_64_TO_32_BIT_CONVERSION = YES;
				GCC_WARN_ABOUT_RETURN_TYPE = YES_ERROR;
				GCC_WARN_UNDECLARED_SELECTOR = YES;
				GCC_WARN_UNINITIALIZED_AUTOS = YES_AGGRESSIVE;
				GCC_WARN_UNUSED_FUNCTION = YES;
				GCC_WARN_UNUSED_VARIABLE = YES;
				IPHONEOS_DEPLOYMENT_TARGET = 10.1;
				MTL_ENABLE_DEBUG_INFO = YES;
				ONLY_ACTIVE_ARCH = YES;
				SDKROOT = iphoneos;
			};
			name = Debug;
		};
		018D6DA31E016C6E00234375 /* Release */ = {
			isa = XCBuildConfiguration;
			buildSettings = {
				ALWAYS_SEARCH_USER_PATHS = NO;
				CLANG_ANALYZER_NONNULL = YES;
				CLANG_CXX_LANGUAGE_STANDARD = "gnu++0x";
				CLANG_CXX_LIBRARY = "libc++";
				CLANG_ENABLE_MODULES = YES;
				CLANG_ENABLE_OBJC_ARC = YES;
				CLANG_WARN_BOOL_CONVERSION = YES;
				CLANG_WARN_CONSTANT_CONVERSION = YES;
				CLANG_WARN_DIRECT_OBJC_ISA_USAGE = YES_ERROR;
				CLANG_WARN_DOCUMENTATION_COMMENTS = YES;
				CLANG_WARN_EMPTY_BODY = YES;
				CLANG_WARN_ENUM_CONVERSION = YES;
				CLANG_WARN_INFINITE_RECURSION = YES;
				CLANG_WARN_INT_CONVERSION = YES;
				CLANG_WARN_OBJC_ROOT_CLASS = YES_ERROR;
				CLANG_WARN_SUSPICIOUS_MOVES = YES;
				CLANG_WARN_UNREACHABLE_CODE = YES;
				CLANG_WARN__DUPLICATE_METHOD_MATCH = YES;
				"CODE_SIGN_IDENTITY[sdk=iphoneos*]" = "iPhone Developer";
				COPY_PHASE_STRIP = NO;
				DEBUG_INFORMATION_FORMAT = "dwarf-with-dsym";
				ENABLE_NS_ASSERTIONS = NO;
				ENABLE_STRICT_OBJC_MSGSEND = YES;
				GCC_C_LANGUAGE_STANDARD = gnu99;
				GCC_NO_COMMON_BLOCKS = YES;
				GCC_WARN_64_TO_32_BIT_CONVERSION = YES;
				GCC_WARN_ABOUT_RETURN_TYPE = YES_ERROR;
				GCC_WARN_UNDECLARED_SELECTOR = YES;
				GCC_WARN_UNINITIALIZED_AUTOS = YES_AGGRESSIVE;
				GCC_WARN_UNUSED_FUNCTION = YES;
				GCC_WARN_UNUSED_VARIABLE = YES;
				IPHONEOS_DEPLOYMENT_TARGET = 10.1;
				MTL_ENABLE_DEBUG_INFO = NO;
				SDKROOT = iphoneos;
				VALIDATE_PRODUCT = YES;
			};
			name = Release;
		};
		018D6DA51E016C6E00234375 /* Debug */ = {
			isa = XCBuildConfiguration;
			buildSettings = {
				ASSETCATALOG_COMPILER_APPICON_NAME = AppIcon;
				INFOPLIST_FILE = SLSegmentedController/Info.plist;
				IPHONEOS_DEPLOYMENT_TARGET = 9.2;
				LD_RUNPATH_SEARCH_PATHS = "$(inherited) @executable_path/Frameworks";
				PRODUCT_BUNDLE_IDENTIFIER = com.shuanglong.SLSegmentedController;
				PRODUCT_NAME = "$(TARGET_NAME)";
			};
			name = Debug;
		};
		018D6DA61E016C6E00234375 /* Release */ = {
			isa = XCBuildConfiguration;
			buildSettings = {
				ASSETCATALOG_COMPILER_APPICON_NAME = AppIcon;
				INFOPLIST_FILE = SLSegmentedController/Info.plist;
				IPHONEOS_DEPLOYMENT_TARGET = 9.2;
				LD_RUNPATH_SEARCH_PATHS = "$(inherited) @executable_path/Frameworks";
				PRODUCT_BUNDLE_IDENTIFIER = com.shuanglong.SLSegmentedController;
				PRODUCT_NAME = "$(TARGET_NAME)";
			};
			name = Release;
		};
		018D6DA81E016C6E00234375 /* Debug */ = {
			isa = XCBuildConfiguration;
			buildSettings = {
				BUNDLE_LOADER = "$(TEST_HOST)";
				INFOPLIST_FILE = SLSegmentedControllerTests/Info.plist;
				LD_RUNPATH_SEARCH_PATHS = "$(inherited) @executable_path/Frameworks @loader_path/Frameworks";
				PRODUCT_BUNDLE_IDENTIFIER = com.shuanglong.SLSegmentedControllerTests;
				PRODUCT_NAME = "$(TARGET_NAME)";
				TEST_HOST = "$(BUILT_PRODUCTS_DIR)/SLSegmentedController.app/SLSegmentedController";
			};
			name = Debug;
		};
		018D6DA91E016C6E00234375 /* Release */ = {
			isa = XCBuildConfiguration;
			buildSettings = {
				BUNDLE_LOADER = "$(TEST_HOST)";
				INFOPLIST_FILE = SLSegmentedControllerTests/Info.plist;
				LD_RUNPATH_SEARCH_PATHS = "$(inherited) @executable_path/Frameworks @loader_path/Frameworks";
				PRODUCT_BUNDLE_IDENTIFIER = com.shuanglong.SLSegmentedControllerTests;
				PRODUCT_NAME = "$(TARGET_NAME)";
				TEST_HOST = "$(BUILT_PRODUCTS_DIR)/SLSegmentedController.app/SLSegmentedController";
			};
			name = Release;
		};
		018D6DAB1E016C6E00234375 /* Debug */ = {
			isa = XCBuildConfiguration;
			buildSettings = {
				INFOPLIST_FILE = SLSegmentedControllerUITests/Info.plist;
				LD_RUNPATH_SEARCH_PATHS = "$(inherited) @executable_path/Frameworks @loader_path/Frameworks";
				PRODUCT_BUNDLE_IDENTIFIER = com.shuanglong.SLSegmentedControllerUITests;
				PRODUCT_NAME = "$(TARGET_NAME)";
				TEST_TARGET_NAME = SLSegmentedController;
			};
			name = Debug;
		};
		018D6DAC1E016C6E00234375 /* Release */ = {
			isa = XCBuildConfiguration;
			buildSettings = {
				INFOPLIST_FILE = SLSegmentedControllerUITests/Info.plist;
				LD_RUNPATH_SEARCH_PATHS = "$(inherited) @executable_path/Frameworks @loader_path/Frameworks";
				PRODUCT_BUNDLE_IDENTIFIER = com.shuanglong.SLSegmentedControllerUITests;
				PRODUCT_NAME = "$(TARGET_NAME)";
				TEST_TARGET_NAME = SLSegmentedController;
			};
			name = Release;
		};
/* End XCBuildConfiguration section */

/* Begin XCConfigurationList section */
		018D6D721E016C6E00234375 /* Build configuration list for PBXProject "SLSegmentedController" */ = {
			isa = XCConfigurationList;
			buildConfigurations = (
				018D6DA21E016C6E00234375 /* Debug */,
				018D6DA31E016C6E00234375 /* Release */,
			);
			defaultConfigurationIsVisible = 0;
			defaultConfigurationName = Release;
		};
		018D6DA41E016C6E00234375 /* Build configuration list for PBXNativeTarget "SLSegmentedController" */ = {
			isa = XCConfigurationList;
			buildConfigurations = (
				018D6DA51E016C6E00234375 /* Debug */,
				018D6DA61E016C6E00234375 /* Release */,
			);
			defaultConfigurationIsVisible = 0;
			defaultConfigurationName = Release;
		};
		018D6DA71E016C6E00234375 /* Build configuration list for PBXNativeTarget "SLSegmentedControllerTests" */ = {
			isa = XCConfigurationList;
			buildConfigurations = (
				018D6DA81E016C6E00234375 /* Debug */,
				018D6DA91E016C6E00234375 /* Release */,
			);
			defaultConfigurationIsVisible = 0;
			defaultConfigurationName = Release;
		};
		018D6DAA1E016C6E00234375 /* Build configuration list for PBXNativeTarget "SLSegmentedControllerUITests" */ = {
			isa = XCConfigurationList;
			buildConfigurations = (
				018D6DAB1E016C6E00234375 /* Debug */,
				018D6DAC1E016C6E00234375 /* Release */,
			);
			defaultConfigurationIsVisible = 0;
			defaultConfigurationName = Release;
		};
/* End XCConfigurationList section */
	};
	rootObject = 018D6D6F1E016C6E00234375 /* Project object */;
}
